# THIS IS AN AUTOGENERATED FILE. DO NOT EDIT THIS FILE DIRECTLY.
# yarn lockfile v1


"@firebase/analytics-compat@0.1.9":
  version "0.1.9"
  resolved "https://registry.yarnpkg.com/@firebase/analytics-compat/-/analytics-compat-0.1.9.tgz#d4a724f78a7333abe8ee8b00f4a4d8b8c392b46c"
  integrity sha512-HYKMAZvfU589WVvK5XKY9Pl+axXFISabouAFw2VHpJm/TO1mAXAy0+eIjqQ3j8z3L1OEfCeOV/oY9eh8rpJZ5w==
  dependencies:
    "@firebase/analytics" "0.7.8"
    "@firebase/analytics-types" "0.7.0"
    "@firebase/component" "0.5.13"
    "@firebase/util" "1.5.2"
    tslib "^2.1.0"

"@firebase/analytics-types@0.7.0":
  version "0.7.0"
  resolved "https://registry.yarnpkg.com/@firebase/analytics-types/-/analytics-types-0.7.0.tgz#91960e7c87ce8bf18cf8dd9e55ccbf5dc3989b5d"
  integrity sha512-DNE2Waiwy5+zZnCfintkDtBfaW6MjIG883474v6Z0K1XZIvl76cLND4iv0YUb48leyF+PJK1KO2XrgHb/KpmhQ==

"@firebase/analytics@0.7.8":
  version "0.7.8"
  resolved "https://registry.yarnpkg.com/@firebase/analytics/-/analytics-0.7.8.tgz#8f163437adb9b6b3f866e3744410aae931b97453"
  integrity sha512-W38Zy/jf64LKpPi+mGNNETIjz4eq/YXBE0Uu2bzstqUwlhvFn1WlRBK4vzgtZMRaGW04CQp9FXYv6ZTRo/Xbyw==
  dependencies:
    "@firebase/component" "0.5.13"
    "@firebase/installations" "0.5.8"
    "@firebase/logger" "0.3.2"
    "@firebase/util" "1.5.2"
    tslib "^2.1.0"

"@firebase/app-check-compat@0.2.7":
  version "0.2.7"
  resolved "https://registry.yarnpkg.com/@firebase/app-check-compat/-/app-check-compat-0.2.7.tgz#3d8deac97c3ee9979a2acba11892f5098d367dae"
  integrity sha512-RK3JViHfaIfwLLWETJWY7STYsegXJXK1GACu06tv2WLEJGMXbvWftxpVi7VMSVjgCFDRDnUEhim5Exn4Z73sOg==
  dependencies:
    "@firebase/app-check" "0.5.7"
    "@firebase/app-check-types" "0.4.0"
    "@firebase/component" "0.5.13"
    "@firebase/logger" "0.3.2"
    "@firebase/util" "1.5.2"
    tslib "^2.1.0"

"@firebase/app-check-interop-types@0.1.0":
  version "0.1.0"
  resolved "https://registry.yarnpkg.com/@firebase/app-check-interop-types/-/app-check-interop-types-0.1.0.tgz#83afd9d41f99166c2bdb2d824e5032e9edd8fe53"
  integrity sha512-uZfn9s4uuRsaX5Lwx+gFP3B6YsyOKUE+Rqa6z9ojT4VSRAsZFko9FRn6OxQUA1z5t5d08fY4pf+/+Dkd5wbdbA==

"@firebase/app-check-types@0.4.0":
  version "0.4.0"
  resolved "https://registry.yarnpkg.com/@firebase/app-check-types/-/app-check-types-0.4.0.tgz#7007a9d1d720db20bcf466fe6785c96feaa0a82d"
  integrity sha512-SsWafqMABIOu7zLgWbmwvHGOeQQVQlwm42kwwubsmfLmL4Sf5uGpBfDhQ0CAkpi7bkJ/NwNFKafNDL9prRNP0Q==

"@firebase/app-check@0.5.7":
  version "0.5.7"
  resolved "https://registry.yarnpkg.com/@firebase/app-check/-/app-check-0.5.7.tgz#e58f4e3ed2e8db378a7e9590835159a44e512881"
  integrity sha512-ByfjzbWCg+f42TeS++70pmEmYBtouJbHem/yH0vgF8+E90LeZugMx18oZxa/+4GVJRmDrMyhJHzWYQlqsG4q2Q==
  dependencies:
    "@firebase/component" "0.5.13"
    "@firebase/logger" "0.3.2"
    "@firebase/util" "1.5.2"
    tslib "^2.1.0"

"@firebase/app-compat@0.1.23":
  version "0.1.23"
  resolved "https://registry.yarnpkg.com/@firebase/app-compat/-/app-compat-0.1.23.tgz#76996a8a7000730a3b25f8b027d6ebfdc9959a1e"
  integrity sha512-c0QOhU2UVxZ7N5++nLQgKZ899ZC8+/ESa8VCzsQDwBw1T3MFAD1cG40KhB+CGtp/uYk/w6Jtk8k0xyZu6O2LOg==
  dependencies:
    "@firebase/app" "0.7.22"
    "@firebase/component" "0.5.13"
    "@firebase/logger" "0.3.2"
    "@firebase/util" "1.5.2"
    tslib "^2.1.0"

"@firebase/app-types@0.7.0":
  version "0.7.0"
  resolved "https://registry.yarnpkg.com/@firebase/app-types/-/app-types-0.7.0.tgz#c9e16d1b8bed1a991840b8d2a725fb58d0b5899f"
  integrity sha512-6fbHQwDv2jp/v6bXhBw2eSRbNBpxHcd1NBF864UksSMVIqIyri9qpJB1Mn6sGZE+bnDsSQBC5j2TbMxYsJQkQg==

"@firebase/app@0.7.22":
  version "0.7.22"
  resolved "https://registry.yarnpkg.com/@firebase/app/-/app-0.7.22.tgz#bf0a7a65f296a103031f4e0a86b142b3d36da64a"
  integrity sha512-v3AXSCwAvZyIFzOGgPAYtzjltm1M9R4U4yqsIBPf5B4ryaT1EGK+3ETZUOckNl5y2YwdKRJVPDDore+B2xg0Ug==
  dependencies:
    "@firebase/component" "0.5.13"
    "@firebase/logger" "0.3.2"
    "@firebase/util" "1.5.2"
    tslib "^2.1.0"

"@firebase/auth-compat@0.2.12":
  version "0.2.12"
  resolved "https://registry.yarnpkg.com/@firebase/auth-compat/-/auth-compat-0.2.12.tgz#a13bd42c4ee36ddbf764ae24958cf4c64ddba5b5"
  integrity sha512-LKeKylktRj03xgW5ilSOW1c4AsMig15ogf5hDKa820t6Bp6MNabj8yq2TV0/Q4SP4Ox/yrTISJGVvk+TJuBecQ==
  dependencies:
    "@firebase/auth" "0.19.12"
    "@firebase/auth-types" "0.11.0"
    "@firebase/component" "0.5.13"
    "@firebase/util" "1.5.2"
    node-fetch "2.6.7"
    selenium-webdriver "^4.0.0-beta.2"
    tslib "^2.1.0"

"@firebase/auth-interop-types@0.1.6":
  version "0.1.6"
  resolved "https://registry.yarnpkg.com/@firebase/auth-interop-types/-/auth-interop-types-0.1.6.tgz#5ce13fc1c527ad36f1bb1322c4492680a6cf4964"
  integrity sha512-etIi92fW3CctsmR9e3sYM3Uqnoq861M0Id9mdOPF6PWIg38BXL5k4upCNBggGUpLIS0H1grMOvy/wn1xymwe2g==

"@firebase/auth-types@0.11.0":
  version "0.11.0"
  resolved "https://registry.yarnpkg.com/@firebase/auth-types/-/auth-types-0.11.0.tgz#b9c73c60ca07945b3bbd7a097633e5f78fa9e886"
  integrity sha512-q7Bt6cx+ySj9elQHTsKulwk3+qDezhzRBFC9zlQ1BjgMueUOnGMcvqmU0zuKlQ4RhLSH7MNAdBV2znVaoN3Vxw==

"@firebase/auth@0.19.12":
  version "0.19.12"
  resolved "https://registry.yarnpkg.com/@firebase/auth/-/auth-0.19.12.tgz#df201b456bfb2c846b22513fc5798476e0730adc"
  integrity sha512-39/eJBmq5Ne+HoCJuQXlhaOH2e8qySxYUa5Z25mhcam8nmAMrBh7Ph1yZjUeSfLsSJiSXANMHK5dnVE+1TROXw==
  dependencies:
    "@firebase/component" "0.5.13"
    "@firebase/logger" "0.3.2"
    "@firebase/util" "1.5.2"
    node-fetch "2.6.7"
    selenium-webdriver "4.0.0-rc-1"
    tslib "^2.1.0"

"@firebase/component@0.5.13":
  version "0.5.13"
  resolved "https://registry.yarnpkg.com/@firebase/component/-/component-0.5.13.tgz#65a382e83bddd109380c9aa1f280791b1b4567c4"
  integrity sha512-hxhJtpD8Ppf/VU2Rlos6KFCEV77TGIGD5bJlkPK1+B/WUe0mC6dTjW7KhZtXTc+qRBp9nFHWcsIORnT8liHP9w==
  dependencies:
    "@firebase/util" "1.5.2"
    tslib "^2.1.0"

"@firebase/database-compat@0.1.8":
  version "0.1.8"
  resolved "https://registry.yarnpkg.com/@firebase/database-compat/-/database-compat-0.1.8.tgz#ab627f2bdbe94367f515d5bded880c86886bbd28"
  integrity sha512-dhXr5CSieBuKNdU96HgeewMQCT9EgOIkfF1GNy+iRrdl7BWLxmlKuvLfK319rmIytSs/vnCzcD9uqyxTeU/A3A==
  dependencies:
    "@firebase/component" "0.5.13"
    "@firebase/database" "0.12.8"
    "@firebase/database-types" "0.9.7"
    "@firebase/logger" "0.3.2"
    "@firebase/util" "1.5.2"
    tslib "^2.1.0"

"@firebase/database-types@0.9.7":
  version "0.9.7"
  resolved "https://registry.yarnpkg.com/@firebase/database-types/-/database-types-0.9.7.tgz#c5ee0ea9bb2703a13c1c47fe880fc577d5ce7f33"
  integrity sha512-EFhgL89Fz6DY3kkB8TzdHvdu8XaqqvzcF2DLVOXEnQ3Ms7L755p5EO42LfxXoJqb9jKFvgLpFmKicyJG25WFWw==
  dependencies:
    "@firebase/app-types" "0.7.0"
    "@firebase/util" "1.5.2"

"@firebase/database@0.12.8":
  version "0.12.8"
  resolved "https://registry.yarnpkg.com/@firebase/database/-/database-0.12.8.tgz#11a1b6752ba0614892af15c71958e00ce16f5824"
  integrity sha512-JBQVfFLzfhxlQbl4OU6ov9fdsddkytBQdtSSR49cz48homj38ccltAhK6seum+BI7f28cV2LFHF9672lcN+qxA==
  dependencies:
    "@firebase/auth-interop-types" "0.1.6"
    "@firebase/component" "0.5.13"
    "@firebase/logger" "0.3.2"
    "@firebase/util" "1.5.2"
    faye-websocket "0.11.4"
    tslib "^2.1.0"

"@firebase/firestore-compat@0.1.17":
  version "0.1.17"
  resolved "https://registry.yarnpkg.com/@firebase/firestore-compat/-/firestore-compat-0.1.17.tgz#8851d52717ac468b242fd9752706c2be12d15c30"
  integrity sha512-hTLgq2WXUE6bb3/IqYlwY0Q6FdbZB2JwDoZHexIQmK69XuuK3j+JbE/NixV3mBo232tNSU+QeamfbAd6A1Agfw==
  dependencies:
    "@firebase/component" "0.5.13"
    "@firebase/firestore" "3.4.8"
    "@firebase/firestore-types" "2.5.0"
    "@firebase/util" "1.5.2"
    tslib "^2.1.0"

"@firebase/firestore-types@2.5.0":
  version "2.5.0"
  resolved "https://registry.yarnpkg.com/@firebase/firestore-types/-/firestore-types-2.5.0.tgz#16fca40b6980fdb000de86042d7a96635f2bcdd7"
  integrity sha512-I6c2m1zUhZ5SH0cWPmINabDyH5w0PPFHk2UHsjBpKdZllzJZ2TwTkXbDtpHUZNmnc/zAa0WNMNMvcvbb/xJLKA==

"@firebase/firestore@3.4.8":
  version "3.4.8"
  resolved "https://registry.yarnpkg.com/@firebase/firestore/-/firestore-3.4.8.tgz#ca7395c81929c79e30a28ff5d19a567713e27f77"
  integrity sha512-qjrI22TrqSGsOVBkYpRcpY48eSFj+hvleWEaFn3bDxy+QNUiZS08cicSlBOxdosKi5LRMQVGyHKcqHExup02+A==
  dependencies:
    "@firebase/component" "0.5.13"
    "@firebase/logger" "0.3.2"
    "@firebase/util" "1.5.2"
    "@firebase/webchannel-wrapper" "0.6.1"
    "@grpc/grpc-js" "^1.3.2"
    "@grpc/proto-loader" "^0.6.0"
    node-fetch "2.6.7"
    tslib "^2.1.0"

"@firebase/functions-compat@0.2.0":
  version "0.2.0"
  resolved "https://registry.yarnpkg.com/@firebase/functions-compat/-/functions-compat-0.2.0.tgz#07fe9216a5c219b9cc3898b15d8716eb49b5b1b2"
  integrity sha512-jbrjTNgWRgcRegZlA3cQV1NLhvMBIlG0JFc8o34OhSvFAurraOX0uPBOCHruR8Pk+lJaP61Gqk3eeRhenVdX5w==
  dependencies:
    "@firebase/component" "0.5.13"
    "@firebase/functions" "0.8.0"
    "@firebase/functions-types" "0.5.0"
    "@firebase/util" "1.5.2"
    tslib "^2.1.0"

"@firebase/functions-types@0.5.0":
  version "0.5.0"
  resolved "https://registry.yarnpkg.com/@firebase/functions-types/-/functions-types-0.5.0.tgz#b50ba95ccce9e96f7cda453228ffe1684645625b"
  integrity sha512-qza0M5EwX+Ocrl1cYI14zoipUX4gI/Shwqv0C1nB864INAD42Dgv4v94BCyxGHBg2kzlWy8PNafdP7zPO8aJQA==

"@firebase/functions@0.8.0":
  version "0.8.0"
  resolved "https://registry.yarnpkg.com/@firebase/functions/-/functions-0.8.0.tgz#a891fdb0d4e925228171867bbcb98304d56ff46a"
  integrity sha512-QewfP/QY4jifjqLV6xrAnksZz+BwJe4XfMNoohhz7etu403yu+ZxAatev7brq1XtgvHePwa+vpQ8ppSeX6TIpA==
  dependencies:
    "@firebase/app-check-interop-types" "0.1.0"
    "@firebase/auth-interop-types" "0.1.6"
    "@firebase/component" "0.5.13"
    "@firebase/messaging-interop-types" "0.1.0"
    "@firebase/util" "1.5.2"
    node-fetch "2.6.7"
    tslib "^2.1.0"

"@firebase/installations@0.5.8":
  version "0.5.8"
  resolved "https://registry.yarnpkg.com/@firebase/installations/-/installations-0.5.8.tgz#7a12c4367bc932303d4651f46196262e38aaae58"
  integrity sha512-u/lAOVhgYFg1e38rNrVzFrWxdKzTOIromx574Hi2AccFA230hSlXFY7pRaCpgs11VDzmpt4lhhOrQOX7886cKw==
  dependencies:
    "@firebase/component" "0.5.13"
    "@firebase/util" "1.5.2"
    tslib "^2.1.0"

"@firebase/logger@0.3.2":
  version "0.3.2"
  resolved "https://registry.yarnpkg.com/@firebase/logger/-/logger-0.3.2.tgz#5046ffa8295c577846d54b6ca95645a03809800e"
  integrity sha512-lzLrcJp9QBWpo40OcOM9B8QEtBw2Fk1zOZQdvv+rWS6gKmhQBCEMc4SMABQfWdjsylBcDfniD1Q+fUX1dcBTXA==
  dependencies:
    tslib "^2.1.0"

"@firebase/messaging-compat@0.1.12":
  version "0.1.12"
  resolved "https://registry.yarnpkg.com/@firebase/messaging-compat/-/messaging-compat-0.1.12.tgz#239c1148f1cd5bf507613c431ff6fe7fc096ab3c"
  integrity sha512-Cfv4ZQaxiMx4DcpDkFX1yKHFGQtnyMA6pcLplcC3uHkSVCyNRW6pFYSoO0/Uae03ixxIYNwle1ZVaVUZ2L5ddA==
  dependencies:
    "@firebase/component" "0.5.13"
    "@firebase/messaging" "0.9.12"
    "@firebase/util" "1.5.2"
    tslib "^2.1.0"

"@firebase/messaging-interop-types@0.1.0":
  version "0.1.0"
  resolved "https://registry.yarnpkg.com/@firebase/messaging-interop-types/-/messaging-interop-types-0.1.0.tgz#bdac02dd31edd5cb9eec37b1db698ea5e2c1a631"
  integrity sha512-DbvUl/rXAZpQeKBnwz0NYY5OCqr2nFA0Bj28Fmr3NXGqR4PAkfTOHuQlVtLO1Nudo3q0HxAYLa68ZDAcuv2uKQ==

"@firebase/messaging@0.9.12":
  version "0.9.12"
  resolved "https://registry.yarnpkg.com/@firebase/messaging/-/messaging-0.9.12.tgz#8ef7a76de17921eac68e79952006604d01dda138"
  integrity sha512-qfLW7SZRZVKscI1GSyWc3WPtjAUDUk3gcEfPkdz9fzzQwj98V8xF++g4wL+9cuEuRzYf8ki2kCN/aqKRYUrxag==
  dependencies:
    "@firebase/component" "0.5.13"
    "@firebase/installations" "0.5.8"
    "@firebase/messaging-interop-types" "0.1.0"
    "@firebase/util" "1.5.2"
    tslib "^2.1.0"

"@firebase/performance-compat@0.1.8":
  version "0.1.8"
  resolved "https://registry.yarnpkg.com/@firebase/performance-compat/-/performance-compat-0.1.8.tgz#9a22286ee20b421b871ac2534223e01327df689a"
  integrity sha512-lMLKFcOB99+tb6dVHJlJ8s19JFjxqpAqPGXCG8evTODPUW3BluBbfG4YS7JRESVA7wc/6kkuQIOx9q7l+bBZtQ==
  dependencies:
    "@firebase/component" "0.5.13"
    "@firebase/logger" "0.3.2"
    "@firebase/performance" "0.5.8"
    "@firebase/performance-types" "0.1.0"
    "@firebase/util" "1.5.2"
    tslib "^2.1.0"

"@firebase/performance-types@0.1.0":
  version "0.1.0"
  resolved "https://registry.yarnpkg.com/@firebase/performance-types/-/performance-types-0.1.0.tgz#5e6efa9dc81860aee2cb7121b39ae8fa137e69fc"
  integrity sha512-6p1HxrH0mpx+622Ql6fcxFxfkYSBpE3LSuwM7iTtYU2nw91Hj6THC8Bc8z4nboIq7WvgsT/kOTYVVZzCSlXl8w==

"@firebase/performance@0.5.8":
  version "0.5.8"
  resolved "https://registry.yarnpkg.com/@firebase/performance/-/performance-0.5.8.tgz#c7e1c73122975d3364203829839a78d9371d9530"
  integrity sha512-IN5MWdGRn0jglSdv1UHEDMklm1SOfF1IZ1pGNxVyO5CpF3a08I54I60fuwEfMUcsU6OAfzMl3zI+bnW5IgKdPg==
  dependencies:
    "@firebase/component" "0.5.13"
    "@firebase/installations" "0.5.8"
    "@firebase/logger" "0.3.2"
    "@firebase/util" "1.5.2"
    tslib "^2.1.0"

"@firebase/polyfill@0.3.36":
  version "0.3.36"
  resolved "https://registry.yarnpkg.com/@firebase/polyfill/-/polyfill-0.3.36.tgz#c057cce6748170f36966b555749472b25efdb145"
  integrity sha512-zMM9oSJgY6cT2jx3Ce9LYqb0eIpDE52meIzd/oe/y70F+v9u1LDqk5kUF5mf16zovGBWMNFmgzlsh6Wj0OsFtg==
  dependencies:
    core-js "3.6.5"
    promise-polyfill "8.1.3"
    whatwg-fetch "2.0.4"

"@firebase/remote-config-compat@0.1.8":
  version "0.1.8"
  resolved "https://registry.yarnpkg.com/@firebase/remote-config-compat/-/remote-config-compat-0.1.8.tgz#25c079fa8737d824add05337049dca17e078358f"
  integrity sha512-lU9t7PMVpgE6q1vG8AuFenFhfUnx0H+eeiIQTi4dtuLDMx9BsI14c9VuiVjRIi7xC2DCDRNQCRL1kRD8bzgJNg==
  dependencies:
    "@firebase/component" "0.5.13"
    "@firebase/logger" "0.3.2"
    "@firebase/remote-config" "0.3.7"
    "@firebase/remote-config-types" "0.2.0"
    "@firebase/util" "1.5.2"
    tslib "^2.1.0"

"@firebase/remote-config-types@0.2.0":
  version "0.2.0"
  resolved "https://registry.yarnpkg.com/@firebase/remote-config-types/-/remote-config-types-0.2.0.tgz#1e2759fc01f20b58c564db42196f075844c3d1fd"
  integrity sha512-hqK5sCPeZvcHQ1D6VjJZdW6EexLTXNMJfPdTwbD8NrXUw6UjWC4KWhLK/TSlL0QPsQtcKRkaaoP+9QCgKfMFPw==

"@firebase/remote-config@0.3.7":
  version "0.3.7"
  resolved "https://registry.yarnpkg.com/@firebase/remote-config/-/remote-config-0.3.7.tgz#743fcb00501b9eca24728cf4caabea974ba3396b"
  integrity sha512-gQaGzQCBOkS35b/aXC5Y9/zsPenqs6+axnChYYyfU7CqMG5FGfNbVi2rezYwB4G3+fH4rGO1s6xqcI535Fvy/A==
  dependencies:
    "@firebase/component" "0.5.13"
    "@firebase/installations" "0.5.8"
    "@firebase/logger" "0.3.2"
    "@firebase/util" "1.5.2"
    tslib "^2.1.0"

"@firebase/storage-compat@0.1.13":
  version "0.1.13"
  resolved "https://registry.yarnpkg.com/@firebase/storage-compat/-/storage-compat-0.1.13.tgz#e7a985ee01336df40682add37a2d0055e83c9a3a"
  integrity sha512-MdubKh+xe3Xpi34WaXBKtim8H2aauO5sqqmATTc2WgSmSAqTmNSjQfNqIdf139Mp9ZCnpZAxiwiwzQtfckLYWg==
  dependencies:
    "@firebase/component" "0.5.13"
    "@firebase/storage" "0.9.5"
    "@firebase/storage-types" "0.6.0"
    "@firebase/util" "1.5.2"
    tslib "^2.1.0"

"@firebase/storage-types@0.6.0":
  version "0.6.0"
  resolved "https://registry.yarnpkg.com/@firebase/storage-types/-/storage-types-0.6.0.tgz#0b1af64a2965af46fca138e5b70700e9b7e6312a"
  integrity sha512-1LpWhcCb1ftpkP/akhzjzeFxgVefs6eMD2QeKiJJUGH1qOiows2w5o0sKCUSQrvrRQS1lz3SFGvNR1Ck/gqxeA==

"@firebase/storage@0.9.5":
  version "0.9.5"
  resolved "https://registry.yarnpkg.com/@firebase/storage/-/storage-0.9.5.tgz#f74c905c7fbc40c1fef02c9191d2bffcf2898b4e"
  integrity sha512-+nCDNIT2pNovlHnLOQPofn8jdOyJ4akUWPGn4ydAoFrfVt1/lINx5Qe+jS3/tKLROfYabqBYxfFUjHQKZBYwvg==
  dependencies:
    "@firebase/component" "0.5.13"
    "@firebase/util" "1.5.2"
    node-fetch "2.6.7"
    tslib "^2.1.0"

"@firebase/util@1.5.2":
  version "1.5.2"
  resolved "https://registry.yarnpkg.com/@firebase/util/-/util-1.5.2.tgz#bdd2bc11c956a8a6a0fa25fbd752a13e033558bc"
  integrity sha512-YvBH2UxFcdWG2HdFnhxZptPl2eVFlpOyTH66iDo13JPEYraWzWToZ5AMTtkyRHVmu7sssUpQlU9igy1KET7TOw==
  dependencies:
    tslib "^2.1.0"

"@firebase/webchannel-wrapper@0.6.1":
  version "0.6.1"
  resolved "https://registry.yarnpkg.com/@firebase/webchannel-wrapper/-/webchannel-wrapper-0.6.1.tgz#0c74724ba6e9ea6ad25a391eab60a79eaba4c556"
  integrity sha512-9FqhNjKQWpQ3fGnSOCovHOm+yhhiorKEqYLAfd525jWavunDJcx8rOW6i6ozAh+FbwcYMkL7b+3j4UR/30MpoQ==

"@grpc/grpc-js@^1.3.2":
  version "1.6.7"
  resolved "https://registry.yarnpkg.com/@grpc/grpc-js/-/grpc-js-1.6.7.tgz#4c4fa998ff719fe859ac19fe977fdef097bb99aa"
  integrity sha512-eBM03pu9hd3VqDQG+kHahiG1x80RGkkqqRb1Pchcwqej/KkAH95gAvKs6laqaHCycYaPK+TKuNQnOz9UXYA8qw==
  dependencies:
    "@grpc/proto-loader" "^0.6.4"
    "@types/node" ">=12.12.47"

"@grpc/proto-loader@^0.6.0", "@grpc/proto-loader@^0.6.4":
  version "0.6.11"
  resolved "https://registry.yarnpkg.com/@grpc/proto-loader/-/proto-loader-0.6.11.tgz#07d8a0e8851ec383492c4e05eeaa45c215845750"
  integrity sha512-MRiPjTjNgKxMupQ0M8mM9Mcljb2aZvE3Y/oEv+dacozIs2TwTdiPbvfkZpMeghfjGtoDJhDjyCtmFzJcjdDTUQ==
  dependencies:
    "@types/long" "^4.0.1"
    lodash.camelcase "^4.3.0"
    long "^4.0.0 || ^5.2.0"
    protobufjs "^6.10.0"
    yargs "^16.2.0"

"@protobufjs/aspromise@^1.1.1", "@protobufjs/aspromise@^1.1.2":
  version "1.1.2"
  resolved "https://registry.yarnpkg.com/@protobufjs/aspromise/-/aspromise-1.1.2.tgz#9b8b0cc663d669a7d8f6f5d0893a14d348f30fbf"
  integrity sha1-m4sMxmPWaafY9vXQiToU00jzD78=

"@protobufjs/base64@^1.1.2":
  version "1.1.2"
  resolved "https://registry.yarnpkg.com/@protobufjs/base64/-/base64-1.1.2.tgz#4c85730e59b9a1f1f349047dbf24296034bb2735"
  integrity sha512-AZkcAA5vnN/v4PDqKyMR5lx7hZttPDgClv83E//FMNhR2TMcLUhfRUBHCmSl0oi9zMgDDqRUJkSxO3wm85+XLg==

"@protobufjs/codegen@^2.0.4":
  version "2.0.4"
  resolved "https://registry.yarnpkg.com/@protobufjs/codegen/-/codegen-2.0.4.tgz#7ef37f0d010fb028ad1ad59722e506d9262815cb"
  integrity sha512-YyFaikqM5sH0ziFZCN3xDC7zeGaB/d0IUb9CATugHWbd1FRFwWwt4ld4OYMPWu5a3Xe01mGAULCdqhMlPl29Jg==

"@protobufjs/eventemitter@^1.1.0":
  version "1.1.0"
  resolved "https://registry.yarnpkg.com/@protobufjs/eventemitter/-/eventemitter-1.1.0.tgz#355cbc98bafad5978f9ed095f397621f1d066b70"
  integrity sha1-NVy8mLr61ZePntCV85diHx0Ga3A=

"@protobufjs/fetch@^1.1.0":
  version "1.1.0"
  resolved "https://registry.yarnpkg.com/@protobufjs/fetch/-/fetch-1.1.0.tgz#ba99fb598614af65700c1619ff06d454b0d84c45"
  integrity sha1-upn7WYYUr2VwDBYZ/wbUVLDYTEU=
  dependencies:
    "@protobufjs/aspromise" "^1.1.1"
    "@protobufjs/inquire" "^1.1.0"

"@protobufjs/float@^1.0.2":
  version "1.0.2"
  resolved "https://registry.yarnpkg.com/@protobufjs/float/-/float-1.0.2.tgz#5e9e1abdcb73fc0a7cb8b291df78c8cbd97b87d1"
  integrity sha1-Xp4avctz/Ap8uLKR33jIy9l7h9E=

"@protobufjs/inquire@^1.1.0":
  version "1.1.0"
  resolved "https://registry.yarnpkg.com/@protobufjs/inquire/-/inquire-1.1.0.tgz#ff200e3e7cf2429e2dcafc1140828e8cc638f089"
  integrity sha1-/yAOPnzyQp4tyvwRQIKOjMY48Ik=

"@protobufjs/path@^1.1.2":
  version "1.1.2"
  resolved "https://registry.yarnpkg.com/@protobufjs/path/-/path-1.1.2.tgz#6cc2b20c5c9ad6ad0dccfd21ca7673d8d7fbf68d"
  integrity sha1-bMKyDFya1q0NzP0hynZz2Nf79o0=

"@protobufjs/pool@^1.1.0":
  version "1.1.0"
  resolved "https://registry.yarnpkg.com/@protobufjs/pool/-/pool-1.1.0.tgz#09fd15f2d6d3abfa9b65bc366506d6ad7846ff54"
  integrity sha1-Cf0V8tbTq/qbZbw2ZQbWrXhG/1Q=

"@protobufjs/utf8@^1.1.0":
  version "1.1.0"
  resolved "https://registry.yarnpkg.com/@protobufjs/utf8/-/utf8-1.1.0.tgz#a777360b5b39a1a2e5106f8e858f2fd2d060c570"
  integrity sha1-p3c2C1s5oaLlEG+OhY8v0tBgxXA=

"@types/long@^4.0.1":
  version "4.0.2"
  resolved "https://registry.yarnpkg.com/@types/long/-/long-4.0.2.tgz#b74129719fc8d11c01868010082d483b7545591a"
  integrity sha512-MqTGEo5bj5t157U6fA/BiDynNkn0YknVdh48CMPkTSpFTVmvao5UQmm7uEF6xBEo7qIMAlY/JSleYaE6VOdpaA==

"@types/node@>=12.12.47", "@types/node@>=13.7.0":
  version "17.0.31"
  resolved "https://registry.yarnpkg.com/@types/node/-/node-17.0.31.tgz#a5bb84ecfa27eec5e1c802c6bbf8139bdb163a5d"
  integrity sha512-AR0x5HbXGqkEx9CadRH3EBYx/VkiUgZIhP4wvPn/+5KIsgpNoyFaRlVe0Zlx9gRtg8fA06a9tskE2MSN7TcG4Q==

ansi-regex@^5.0.1:
  version "5.0.1"
  resolved "https://registry.yarnpkg.com/ansi-regex/-/ansi-regex-5.0.1.tgz#082cb2c89c9fe8659a311a53bd6a4dc5301db304"
  integrity sha512-quJQXlTSUGL2LH9SUXo8VwsY4soanhgo6LNSm84E1LBcE8s3O0wpdiRzyR9z/ZZJMlMWv37qOOb9pdJlMUEKFQ==

ansi-styles@^4.0.0:
  version "4.3.0"
  resolved "https://registry.yarnpkg.com/ansi-styles/-/ansi-styles-4.3.0.tgz#edd803628ae71c04c85ae7a0906edad34b648937"
  integrity sha512-zbB9rCJAT1rbjiVDb2hqKFHNYLxgtk8NURxZ3IZwD3F6NtxbXZQCnnSi1Lkx+IDohdPlFp222wVALIheZJQSEg==
  dependencies:
    color-convert "^2.0.1"

asynckit@^0.4.0:
  version "0.4.0"
  resolved "https://registry.yarnpkg.com/asynckit/-/asynckit-0.4.0.tgz#c79ed97f7f34cb8f2ba1bc9790bcc366474b4b79"
  integrity sha1-x57Zf380y48robyXkLzDZkdLS3k=

axios@^0.27.2:
  version "0.27.2"
  resolved "https://registry.yarnpkg.com/axios/-/axios-0.27.2.tgz#207658cc8621606e586c85db4b41a750e756d972"
  integrity sha512-t+yRIyySRTp/wua5xEr+z1q60QmLq8ABsS5O9Me1AsE5dfKqgnCFzwiCZZ/cGNd1lq4/7akDWMxdhVlucjmnOQ==
  dependencies:
    follow-redirects "^1.14.9"
    form-data "^4.0.0"

balanced-match@^1.0.0:
  version "1.0.2"
  resolved "https://registry.yarnpkg.com/balanced-match/-/balanced-match-1.0.2.tgz#e83e3a7e3f300b34cb9d87f615fa0cbf357690ee"
  integrity sha512-3oSeUO0TMV67hN1AmbXsK4yaqU7tjiHlbxRDZOpH0KW9+CeX4bRAaX0Anxt0tx2MrpRpWwQaPwIlISEJhYU5Pw==

brace-expansion@^1.1.7:
  version "1.1.11"
  resolved "https://registry.yarnpkg.com/brace-expansion/-/brace-expansion-1.1.11.tgz#3c7fcbf529d87226f3d2f52b966ff5271eb441dd"
  integrity sha512-iCuPHDFgrHX7H2vEI/5xpz07zSHB00TpugqhmYtVmMO6518mCuRMoOYFldEBl0g187ufozdaHgWKcYFb61qGiA==
  dependencies:
    balanced-match "^1.0.0"
    concat-map "0.0.1"

cliui@^7.0.2:
  version "7.0.4"
  resolved "https://registry.yarnpkg.com/cliui/-/cliui-7.0.4.tgz#a0265ee655476fc807aea9df3df8df7783808b4f"
  integrity sha512-OcRE68cOsVMXp1Yvonl/fzkQOyjLSu/8bhPDfQt0e0/Eb283TKP20Fs2MqoPsr9SwA595rRCA+QMzYc9nBP+JQ==
  dependencies:
    string-width "^4.2.0"
    strip-ansi "^6.0.0"
    wrap-ansi "^7.0.0"

color-convert@^2.0.1:
  version "2.0.1"
  resolved "https://registry.yarnpkg.com/color-convert/-/color-convert-2.0.1.tgz#72d3a68d598c9bdb3af2ad1e84f21d896abd4de3"
  integrity sha512-RRECPsj7iu/xb5oKYcsFHSppFNnsj/52OVTRKb4zP5onXwVF3zVmmToNcOfGC+CRDpfK/U584fMg38ZHCaElKQ==
  dependencies:
    color-name "~1.1.4"

color-name@~1.1.4:
  version "1.1.4"
  resolved "https://registry.yarnpkg.com/color-name/-/color-name-1.1.4.tgz#c2a09a87acbde69543de6f63fa3995c826c536a2"
  integrity sha512-dOy+3AuW3a2wNbZHIuMZpTcgjGuLU/uBL/ubcZF9OXbDo8ff4O8yVp5Bf0efS8uEoYo5q4Fx7dY9OgQGXgAsQA==

combined-stream@^1.0.8:
  version "1.0.8"
  resolved "https://registry.yarnpkg.com/combined-stream/-/combined-stream-1.0.8.tgz#c3d45a8b34fd730631a110a8a2520682b31d5a7f"
  integrity sha512-FQN4MRfuJeHf7cBbBMJFXhKSDq+2kAArBlmRBvcvFE5BB1HZKXtSFASDhdlz9zOYwxh8lDdnvmMOe/+5cdoEdg==
  dependencies:
    delayed-stream "~1.0.0"

concat-map@0.0.1:
  version "0.0.1"
  resolved "https://registry.yarnpkg.com/concat-map/-/concat-map-0.0.1.tgz#d8a96bd77fd68df7793a73036a3ba0d5405d477b"
  integrity sha1-2Klr13/Wjfd5OnMDajug1UBdR3s=

core-js@3.6.5:
  version "3.6.5"
  resolved "https://registry.yarnpkg.com/core-js/-/core-js-3.6.5.tgz#7395dc273af37fb2e50e9bd3d9fe841285231d1a"
  integrity sha512-vZVEEwZoIsI+vPEuoF9Iqf5H7/M3eeQqWlQnYa8FSKKePuYTf5MWnxb5SDAzCa60b3JBRS5g9b+Dq7b1y/RCrA==

core-util-is@~1.0.0:
  version "1.0.3"
  resolved "https://registry.yarnpkg.com/core-util-is/-/core-util-is-1.0.3.tgz#a6042d3634c2b27e9328f837b965fac83808db85"
  integrity sha512-ZQBvi1DcpJ4GDqanjucZ2Hj3wEO5pZDS89BWbkcrvdxksJorwUDDZamX9ldFkp9aw2lmBDLgkObEA4DWNJ9FYQ==

date-fns@2.0.0-alpha.27:
  version "2.0.0-alpha.27"
  resolved "https://registry.yarnpkg.com/date-fns/-/date-fns-2.0.0-alpha.27.tgz#5ecd4204ef0e7064264039570f6e8afbc014481c"
  integrity sha512-cqfVLS+346P/Mpj2RpDrBv0P4p2zZhWWvfY5fuWrXNR/K38HaAGEkeOwb47hIpQP9Jr/TIxjZ2/sNMQwdXuGMg==

delayed-stream@~1.0.0:
  version "1.0.0"
  resolved "https://registry.yarnpkg.com/delayed-stream/-/delayed-stream-1.0.0.tgz#df3ae199acadfb7d440aaae0b29e2272b24ec619"
  integrity sha1-3zrhmayt+31ECqrgsp4icrJOxhk=

emoji-regex@^8.0.0:
  version "8.0.0"
  resolved "https://registry.yarnpkg.com/emoji-regex/-/emoji-regex-8.0.0.tgz#e818fd69ce5ccfcb404594f842963bf53164cc37"
  integrity sha512-MSjYzcWNOA0ewAHpz0MxpYFvwg6yjy1NG3xteoqz644VCo/RPgnr1/GGt+ic3iJTzQ8Eu3TdM14SawnVUmGE6A==

escalade@^3.1.1:
  version "3.1.1"
  resolved "https://registry.yarnpkg.com/escalade/-/escalade-3.1.1.tgz#d8cfdc7000965c5a0174b4a82eaa5c0552742e40"
  integrity sha512-k0er2gUkLf8O0zKJiAhmkTnJlTvINGv7ygDNPbeIsX/TJjGJZHuh9B2UxbsaEkmlEo9MfhrSzmhIlhRlI2GXnw==

faye-websocket@0.11.4:
  version "0.11.4"
  resolved "https://registry.yarnpkg.com/faye-websocket/-/faye-websocket-0.11.4.tgz#7f0d9275cfdd86a1c963dc8b65fcc451edcbb1da"
  integrity sha512-CzbClwlXAuiRQAlUyfqPgvPoNKTckTPGfwZV4ZdAhVcP2lh9KUxJg2b5GkE7XbjKQ3YJnQ9z6D9ntLAlB+tP8g==
  dependencies:
    websocket-driver ">=0.5.1"

firebase@^9.7.0:
  version "9.7.0"
  resolved "https://registry.yarnpkg.com/firebase/-/firebase-9.7.0.tgz#991bc2578f8c353e2670c927e594013eff450e36"
  integrity sha512-IsBZ11b8MbB2YyulNii+vhNMpqmfNwI9iGWG9GVgn+Pzdi+Ta+eaGI3+VbeSZoqC/nkKOzSR89cpz7kXd4+mgg==
  dependencies:
    "@firebase/analytics" "0.7.8"
    "@firebase/analytics-compat" "0.1.9"
    "@firebase/app" "0.7.22"
    "@firebase/app-check" "0.5.7"
    "@firebase/app-check-compat" "0.2.7"
    "@firebase/app-compat" "0.1.23"
    "@firebase/app-types" "0.7.0"
    "@firebase/auth" "0.19.12"
    "@firebase/auth-compat" "0.2.12"
    "@firebase/database" "0.12.8"
    "@firebase/database-compat" "0.1.8"
    "@firebase/firestore" "3.4.8"
    "@firebase/firestore-compat" "0.1.17"
    "@firebase/functions" "0.8.0"
    "@firebase/functions-compat" "0.2.0"
    "@firebase/installations" "0.5.8"
    "@firebase/messaging" "0.9.12"
    "@firebase/messaging-compat" "0.1.12"
    "@firebase/performance" "0.5.8"
    "@firebase/performance-compat" "0.1.8"
    "@firebase/polyfill" "0.3.36"
    "@firebase/remote-config" "0.3.7"
    "@firebase/remote-config-compat" "0.1.8"
    "@firebase/storage" "0.9.5"
    "@firebase/storage-compat" "0.1.13"
    "@firebase/util" "1.5.2"

follow-redirects@^1.14.9:
  version "1.15.0"
  resolved "https://registry.yarnpkg.com/follow-redirects/-/follow-redirects-1.15.0.tgz#06441868281c86d0dda4ad8bdaead2d02dca89d4"
  integrity sha512-aExlJShTV4qOUOL7yF1U5tvLCB0xQuudbf6toyYA0E/acBNw71mvjFTnLaRp50aQaYocMR0a/RMMBIHeZnGyjQ==

form-data@^4.0.0:
  version "4.0.0"
  resolved "https://registry.yarnpkg.com/form-data/-/form-data-4.0.0.tgz#93919daeaf361ee529584b9b31664dc12c9fa452"
  integrity sha512-ETEklSGi5t0QMZuiXoA/Q6vcnxcLQP5vdugSpuAyi6SVGi2clPPp+xgEhuMaHC+zGgn31Kd235W35f7Hykkaww==
  dependencies:
    asynckit "^0.4.0"
    combined-stream "^1.0.8"
    mime-types "^2.1.12"

fs.realpath@^1.0.0:
  version "1.0.0"
  resolved "https://registry.yarnpkg.com/fs.realpath/-/fs.realpath-1.0.0.tgz#1504ad2523158caa40db4a2787cb01411994ea4f"
  integrity sha1-FQStJSMVjKpA20onh8sBQRmU6k8=

get-caller-file@^2.0.5:
  version "2.0.5"
  resolved "https://registry.yarnpkg.com/get-caller-file/-/get-caller-file-2.0.5.tgz#4f94412a82db32f36e3b0b9741f8a97feb031f7e"
  integrity sha512-DyFP3BM/3YHTQOCUL/w0OZHR0lpKeGrxotcHWcqNEdnltqFwXVfhEBQ94eIo34AfQpo0rGki4cyIiftY06h2Fg==

glob@^7.1.3:
  version "7.2.0"
  resolved "https://registry.yarnpkg.com/glob/-/glob-7.2.0.tgz#d15535af7732e02e948f4c41628bd910293f6023"
  integrity sha512-lmLf6gtyrPq8tTjSmrO94wBeQbFR3HbLHbuyD69wuyQkImp2hWqMGB47OX65FBkPffO641IP9jWa1z4ivqG26Q==
  dependencies:
    fs.realpath "^1.0.0"
    inflight "^1.0.4"
    inherits "2"
    minimatch "^3.0.4"
    once "^1.3.0"
    path-is-absolute "^1.0.0"

http-parser-js@>=0.5.1:
  version "0.5.6"
  resolved "https://registry.yarnpkg.com/http-parser-js/-/http-parser-js-0.5.6.tgz#2e02406ab2df8af8a7abfba62e0da01c62b95afd"
  integrity sha512-vDlkRPDJn93swjcjqMSaGSPABbIarsr1TLAui/gLDXzV5VsJNdXNzMYDyNBLQkjWQCJ1uizu8T2oDMhmGt0PRA==

immediate@~3.0.5:
  version "3.0.6"
  resolved "https://registry.yarnpkg.com/immediate/-/immediate-3.0.6.tgz#9db1dbd0faf8de6fbe0f5dd5e56bb606280de69b"
  integrity sha1-nbHb0Pr43m++D13V5Wu2BigN5ps=

inflight@^1.0.4:
  version "1.0.6"
  resolved "https://registry.yarnpkg.com/inflight/-/inflight-1.0.6.tgz#49bd6331d7d02d0c09bc910a1075ba8165b56df9"
  integrity sha1-Sb1jMdfQLQwJvJEKEHW6gWW1bfk=
  dependencies:
    once "^1.3.0"
    wrappy "1"

inherits@2, inherits@~2.0.3:
  version "2.0.4"
  resolved "https://registry.yarnpkg.com/inherits/-/inherits-2.0.4.tgz#0fa2c64f932917c3433a0ded55363aae37416b7c"
  integrity sha512-k/vGaX4/Yla3WzyMCvTQOXYeIHvqOKtnqBduzTHpzpQZzAskKMhZ2K+EnBiSM9zGSoIFeMpXKxa4dYeZIQqewQ==

is-fullwidth-code-point@^3.0.0:
  version "3.0.0"
  resolved "https://registry.yarnpkg.com/is-fullwidth-code-point/-/is-fullwidth-code-point-3.0.0.tgz#f116f8064fe90b3f7844a38997c0b75051269f1d"
  integrity sha512-zymm5+u+sCsSWyD9qNaejV3DFvhCKclKdizYaJUuHA83RLjb7nSuGnddCHGv0hk+KY7BMAlsWeK4Ueg6EV6XQg==

isarray@~1.0.0:
  version "1.0.0"
  resolved "https://registry.yarnpkg.com/isarray/-/isarray-1.0.0.tgz#bb935d48582cba168c06834957a54a3e07124f11"
  integrity sha1-u5NdSFgsuhaMBoNJV6VKPgcSTxE=

jszip@^3.6.0:
  version "3.9.1"
  resolved "https://registry.yarnpkg.com/jszip/-/jszip-3.9.1.tgz#784e87f328450d1e8151003a9c67733e2b901051"
  integrity sha512-H9A60xPqJ1CuC4Ka6qxzXZeU8aNmgOeP5IFqwJbQQwtu2EUYxota3LdsiZWplF7Wgd9tkAd0mdu36nceSaPuYw==
  dependencies:
    lie "~3.3.0"
    pako "~1.0.2"
    readable-stream "~2.3.6"
    set-immediate-shim "~1.0.1"

lie@~3.3.0:
  version "3.3.0"
  resolved "https://registry.yarnpkg.com/lie/-/lie-3.3.0.tgz#dcf82dee545f46074daf200c7c1c5a08e0f40f6a"
  integrity sha512-UaiMJzeWRlEujzAuw5LokY1L5ecNQYZKfmyZ9L7wDHb/p5etKaxXhohBcrw0EYby+G/NA52vRSN4N39dxHAIwQ==
  dependencies:
    immediate "~3.0.5"

lodash.camelcase@^4.3.0:
  version "4.3.0"
  resolved "https://registry.yarnpkg.com/lodash.camelcase/-/lodash.camelcase-4.3.0.tgz#b28aa6288a2b9fc651035c7711f65ab6190331a6"
  integrity sha1-soqmKIorn8ZRA1x3EfZathkDMaY=

long@^4.0.0:
  version "4.0.0"
  resolved "https://registry.yarnpkg.com/long/-/long-4.0.0.tgz#9a7b71cfb7d361a194ea555241c92f7468d5bf28"
  integrity sha512-XsP+KhQif4bjX1kbuSiySJFNAehNxgLb6hPRGJ9QsUr8ajHkuXGdrHmFUTUUXhDwVX2R5bY4JNZEwbUiMhV+MA==

"long@^4.0.0 || ^5.2.0":
  version "5.2.0"
  resolved "https://registry.yarnpkg.com/long/-/long-5.2.0.tgz#2696dadf4b4da2ce3f6f6b89186085d94d52fd61"
  integrity sha512-9RTUNjK60eJbx3uz+TEGF7fUr29ZDxR5QzXcyDpeSfeH28S9ycINflOgOlppit5U+4kNTe83KQnMEerw7GmE8w==

mime-db@1.52.0:
  version "1.52.0"
  resolved "https://registry.yarnpkg.com/mime-db/-/mime-db-1.52.0.tgz#bbabcdc02859f4987301c856e3387ce5ec43bf70"
  integrity sha512-sPU4uV7dYlvtWJxwwxHD0PuihVNiE7TyAbQ5SWxDCB9mUYvOgroQOwYQQOKPJ8CIbE+1ETVlOoK1UC2nU3gYvg==

mime-types@^2.1.12:
  version "2.1.35"
  resolved "https://registry.yarnpkg.com/mime-types/-/mime-types-2.1.35.tgz#381a871b62a734450660ae3deee44813f70d959a"
  integrity sha512-ZDY+bPm5zTTF+YpCrAU9nK0UgICYPT0QtT1NZWFv4s++TNkcgVaT0g6+4R2uI4MjQjzysHB1zxuWL50hzaeXiw==
  dependencies:
    mime-db "1.52.0"

minimatch@^3.0.4:
  version "3.1.2"
  resolved "https://registry.yarnpkg.com/minimatch/-/minimatch-3.1.2.tgz#19cd194bfd3e428f049a70817c038d89ab4be35b"
  integrity sha512-J7p63hRiAjw1NDEww1W7i37+ByIrOWO5XQQAzZ3VOcL0PNybwpfmV/N05zFAzwQ9USyEcX6t3UO+K5aqBQOIHw==
  dependencies:
    brace-expansion "^1.1.7"

node-fetch@2.6.7:
  version "2.6.7"
  resolved "https://registry.yarnpkg.com/node-fetch/-/node-fetch-2.6.7.tgz#24de9fba827e3b4ae44dc8b20256a379160052ad"
  integrity sha512-ZjMPFEfVx5j+y2yF35Kzx5sF7kDzxuDj6ziH4FFbOp87zKDZNx8yExJIb05OGF4Nlt9IHFIMBkRl41VdvcNdbQ==
  dependencies:
    whatwg-url "^5.0.0"

nusmoderator@^3.0.0:
  version "3.0.0"
  resolved "https://registry.yarnpkg.com/nusmoderator/-/nusmoderator-3.0.0.tgz#9ab8ad2207d415a12c31f2979fc225dbe992b37d"
  integrity sha512-kTD12nfQcMj6MI/eMalYt/jzqKfyBP6J4rxtYzrzxlf6EtwnjGdfZBLaFT2nFQwhQLnaulQQzZ2l/OTetSR7+g==
  dependencies:
    date-fns "2.0.0-alpha.27"

once@^1.3.0:
  version "1.4.0"
  resolved "https://registry.yarnpkg.com/once/-/once-1.4.0.tgz#583b1aa775961d4b113ac17d9c50baef9dd76bd1"
  integrity sha1-WDsap3WWHUsROsF9nFC6753Xa9E=
  dependencies:
    wrappy "1"

pako@~1.0.2:
  version "1.0.11"
  resolved "https://registry.yarnpkg.com/pako/-/pako-1.0.11.tgz#6c9599d340d54dfd3946380252a35705a6b992bf"
  integrity sha512-4hLB8Py4zZce5s4yd9XzopqwVv/yGNhV1Bl8NTmCq1763HeK2+EwVTv+leGeL13Dnh2wfbqowVPXCIO0z4taYw==

path-is-absolute@^1.0.0:
  version "1.0.1"
  resolved "https://registry.yarnpkg.com/path-is-absolute/-/path-is-absolute-1.0.1.tgz#174b9268735534ffbc7ace6bf53a5a9e1b5c5f5f"
  integrity sha1-F0uSaHNVNP+8es5r9TpanhtcX18=

process-nextick-args@~2.0.0:
  version "2.0.1"
  resolved "https://registry.yarnpkg.com/process-nextick-args/-/process-nextick-args-2.0.1.tgz#7820d9b16120cc55ca9ae7792680ae7dba6d7fe2"
  integrity sha512-3ouUOpQhtgrbOa17J7+uxOTpITYWaGP7/AhoR3+A+/1e9skrzelGi/dXzEYyvbxubEF6Wn2ypscTKiKJFFn1ag==

promise-polyfill@8.1.3:
  version "8.1.3"
  resolved "https://registry.yarnpkg.com/promise-polyfill/-/promise-polyfill-8.1.3.tgz#8c99b3cf53f3a91c68226ffde7bde81d7f904116"
  integrity sha512-MG5r82wBzh7pSKDRa9y+vllNHz3e3d4CNj1PQE4BQYxLme0gKYYBm9YENq+UkEikyZ0XbiGWxYlVw3Rl9O/U8g==

protobufjs@^6.10.0:
  version "6.11.2"
  resolved "https://registry.yarnpkg.com/protobufjs/-/protobufjs-6.11.2.tgz#de39fabd4ed32beaa08e9bb1e30d08544c1edf8b"
  integrity sha512-4BQJoPooKJl2G9j3XftkIXjoC9C0Av2NOrWmbLWT1vH32GcSUHjM0Arra6UfTsVyfMAuFzaLucXn1sadxJydAw==
  dependencies:
    "@protobufjs/aspromise" "^1.1.2"
    "@protobufjs/base64" "^1.1.2"
    "@protobufjs/codegen" "^2.0.4"
    "@protobufjs/eventemitter" "^1.1.0"
    "@protobufjs/fetch" "^1.1.0"
    "@protobufjs/float" "^1.0.2"
    "@protobufjs/inquire" "^1.1.0"
    "@protobufjs/path" "^1.1.2"
    "@protobufjs/pool" "^1.1.0"
    "@protobufjs/utf8" "^1.1.0"
    "@types/long" "^4.0.1"
    "@types/node" ">=13.7.0"
    long "^4.0.0"

readable-stream@~2.3.6:
  version "2.3.7"
  resolved "https://registry.yarnpkg.com/readable-stream/-/readable-stream-2.3.7.tgz#1eca1cf711aef814c04f62252a36a62f6cb23b57"
  integrity sha512-Ebho8K4jIbHAxnuxi7o42OrZgF/ZTNcsZj6nRKyUmkhLFq8CHItp/fy6hQZuZmP/n3yZ9VBUbp4zz/mX8hmYPw==
  dependencies:
    core-util-is "~1.0.0"
    inherits "~2.0.3"
    isarray "~1.0.0"
    process-nextick-args "~2.0.0"
    safe-buffer "~5.1.1"
    string_decoder "~1.1.1"
    util-deprecate "~1.0.1"

require-directory@^2.1.1:
  version "2.1.1"
  resolved "https://registry.yarnpkg.com/require-directory/-/require-directory-2.1.1.tgz#8c64ad5fd30dab1c976e2344ffe7f792a6a6df42"
  integrity sha1-jGStX9MNqxyXbiNE/+f3kqam30I=

rimraf@^3.0.0, rimraf@^3.0.2:
  version "3.0.2"
  resolved "https://registry.yarnpkg.com/rimraf/-/rimraf-3.0.2.tgz#f1a5402ba6220ad52cc1282bac1ae3aa49fd061a"
  integrity sha512-JZkJMZkAGFFPP2YqXZXPbMlMBgsxzE8ILs4lMIX/2o0L9UBw9O/Y3o6wFw/i9YLapcUJWwqbi3kdxIPdC62TIA==
  dependencies:
    glob "^7.1.3"

safe-buffer@>=5.1.0:
  version "5.2.1"
  resolved "https://registry.yarnpkg.com/safe-buffer/-/safe-buffer-5.2.1.tgz#1eaf9fa9bdb1fdd4ec75f58f9cdb4e6b7827eec6"
  integrity sha512-rp3So07KcdmmKbGvgaNxQSJr7bGVSVk5S9Eq1F+ppbRo70+YeaDxkw5Dd8NPN+GD6bjnYm2VuPuCXmpuYvmCXQ==

safe-buffer@~5.1.0, safe-buffer@~5.1.1:
  version "5.1.2"
  resolved "https://registry.yarnpkg.com/safe-buffer/-/safe-buffer-5.1.2.tgz#991ec69d296e0313747d59bdfd2b745c35f8828d"
  integrity sha512-Gd2UZBJDkXlY7GbJxfsE8/nvKkUEU1G38c1siN6QP6a9PT9MmHB8GnpscSmMJSoF8LOIrt8ud/wPtojys4G6+g==

selenium-webdriver@4.0.0-rc-1:
  version "4.0.0-rc-1"
  resolved "https://registry.yarnpkg.com/selenium-webdriver/-/selenium-webdriver-4.0.0-rc-1.tgz#b1e7e5821298c8a071e988518dd6b759f0c41281"
  integrity sha512-bcrwFPRax8fifRP60p7xkWDGSJJoMkPAzufMlk5K2NyLPht/YZzR2WcIk1+3gR8VOCLlst1P2PI+MXACaFzpIw==
  dependencies:
    jszip "^3.6.0"
    rimraf "^3.0.2"
    tmp "^0.2.1"
    ws ">=7.4.6"

selenium-webdriver@^4.0.0-beta.2:
  version "4.1.2"
  resolved "https://registry.yarnpkg.com/selenium-webdriver/-/selenium-webdriver-4.1.2.tgz#d463b4335632d2ea41a9e988e435a55dc41f5314"
  integrity sha512-e4Ap8vQvhipgBB8Ry9zBiKGkU6kHKyNnWiavGGLKkrdW81Zv7NVMtFOL/j3yX0G8QScM7XIXijKssNd4EUxSOw==
  dependencies:
    jszip "^3.6.0"
    tmp "^0.2.1"
    ws ">=7.4.6"

set-immediate-shim@~1.0.1:
  version "1.0.1"
  resolved "https://registry.yarnpkg.com/set-immediate-shim/-/set-immediate-shim-1.0.1.tgz#4b2b1b27eb808a9f8dcc481a58e5e56f599f3f61"
  integrity sha1-SysbJ+uAip+NzEgaWOXlb1mfP2E=

string-width@^4.1.0, string-width@^4.2.0:
  version "4.2.3"
  resolved "https://registry.yarnpkg.com/string-width/-/string-width-4.2.3.tgz#269c7117d27b05ad2e536830a8ec895ef9c6d010"
  integrity sha512-wKyQRQpjJ0sIp62ErSZdGsjMJWsap5oRNihHhu6G7JVO/9jIB6UyevL+tXuOqrng8j/cxKTWyWUwvSTriiZz/g==
  dependencies:
    emoji-regex "^8.0.0"
    is-fullwidth-code-point "^3.0.0"
    strip-ansi "^6.0.1"

string_decoder@~1.1.1:
  version "1.1.1"
  resolved "https://registry.yarnpkg.com/string_decoder/-/string_decoder-1.1.1.tgz#9cf1611ba62685d7030ae9e4ba34149c3af03fc8"
  integrity sha512-n/ShnvDi6FHbbVfviro+WojiFzv+s8MPMHBczVePfUpDJLwoLT0ht1l4YwBCbi8pJAveEEdnkHyPyTP/mzRfwg==
  dependencies:
    safe-buffer "~5.1.0"

strip-ansi@^6.0.0, strip-ansi@^6.0.1:
  version "6.0.1"
  resolved "https://registry.yarnpkg.com/strip-ansi/-/strip-ansi-6.0.1.tgz#9e26c63d30f53443e9489495b2105d37b67a85d9"
  integrity sha512-Y38VPSHcqkFrCpFnQ9vuSXmquuv5oXOKpGeT6aGrr3o3Gc9AlVa6JBfUSOCnbxGGZF+/0ooI7KrPuUSztUdU5A==
  dependencies:
    ansi-regex "^5.0.1"

tmp@^0.2.1:
  version "0.2.1"
  resolved "https://registry.yarnpkg.com/tmp/-/tmp-0.2.1.tgz#8457fc3037dcf4719c251367a1af6500ee1ccf14"
  integrity sha512-76SUhtfqR2Ijn+xllcI5P1oyannHNHByD80W1q447gU3mp9G9PSpGdWmjUOHRDPiHYacIk66W7ubDTuPF3BEtQ==
  dependencies:
    rimraf "^3.0.0"

tr46@~0.0.3:
  version "0.0.3"
  resolved "https://registry.yarnpkg.com/tr46/-/tr46-0.0.3.tgz#8184fd347dac9cdc185992f3a6622e14b9d9ab6a"
  integrity sha1-gYT9NH2snNwYWZLzpmIuFLnZq2o=

tslib@^2.1.0:
  version "2.4.0"
  resolved "https://registry.yarnpkg.com/tslib/-/tslib-2.4.0.tgz#7cecaa7f073ce680a05847aa77be941098f36dc3"
  integrity sha512-d6xOpEDfsi2CZVlPQzGeux8XMwLT9hssAsaPYExaQMuYskwb+x1x7J371tWlbBdWHroy99KnVB6qIkUbs5X3UQ==

typescript@^4.6.4:
  version "4.6.4"
  resolved "https://registry.yarnpkg.com/typescript/-/typescript-4.6.4.tgz#caa78bbc3a59e6a5c510d35703f6a09877ce45e9"
  integrity sha512-9ia/jWHIEbo49HfjrLGfKbZSuWo9iTMwXO+Ca3pRsSpbsMbc7/IU8NKdCZVRRBafVPGnoJeFL76ZOAA84I9fEg==

util-deprecate@~1.0.1:
  version "1.0.2"
  resolved "https://registry.yarnpkg.com/util-deprecate/-/util-deprecate-1.0.2.tgz#450d4dc9fa70de732762fbd2d4a28981419a0ccf"
  integrity sha1-RQ1Nyfpw3nMnYvvS1KKJgUGaDM8=

webidl-conversions@^3.0.0:
  version "3.0.1"
  resolved "https://registry.yarnpkg.com/webidl-conversions/-/webidl-conversions-3.0.1.tgz#24534275e2a7bc6be7bc86611cc16ae0a5654871"
  integrity sha1-JFNCdeKnvGvnvIZhHMFq4KVlSHE=

websocket-driver@>=0.5.1:
  version "0.7.4"
  resolved "https://registry.yarnpkg.com/websocket-driver/-/websocket-driver-0.7.4.tgz#89ad5295bbf64b480abcba31e4953aca706f5760"
  integrity sha512-b17KeDIQVjvb0ssuSDF2cYXSg2iztliJ4B9WdsuB6J952qCPKmnVq4DyW5motImXHDC1cBT/1UezrJVsKw5zjg==
  dependencies:
    http-parser-js ">=0.5.1"
    safe-buffer ">=5.1.0"
    websocket-extensions ">=0.1.1"

websocket-extensions@>=0.1.1:
  version "0.1.4"
  resolved "https://registry.yarnpkg.com/websocket-extensions/-/websocket-extensions-0.1.4.tgz#7f8473bc839dfd87608adb95d7eb075211578a42"
  integrity sha512-OqedPIGOfsDlo31UNwYbCFMSaO9m9G/0faIHj5/dZFDMFqPTcx6UwqyOy3COEaEOg/9VsGIpdqn62W5KhoKSpg==

whatwg-fetch@2.0.4:
  version "2.0.4"
  resolved "https://registry.yarnpkg.com/whatwg-fetch/-/whatwg-fetch-2.0.4.tgz#dde6a5df315f9d39991aa17621853d720b85566f"
  integrity sha512-dcQ1GWpOD/eEQ97k66aiEVpNnapVj90/+R+SXTPYGHpYBBypfKJEQjLrvMZ7YXbKm21gXd4NcuxUTjiv1YtLng==

whatwg-url@^5.0.0:
  version "5.0.0"
  resolved "https://registry.yarnpkg.com/whatwg-url/-/whatwg-url-5.0.0.tgz#966454e8765462e37644d3626f6742ce8b70965d"
  integrity sha1-lmRU6HZUYuN2RNNib2dCzotwll0=
  dependencies:
    tr46 "~0.0.3"
    webidl-conversions "^3.0.0"

wrap-ansi@^7.0.0:
  version "7.0.0"
  resolved "https://registry.yarnpkg.com/wrap-ansi/-/wrap-ansi-7.0.0.tgz#67e145cff510a6a6984bdf1152911d69d2eb9e43"
  integrity sha512-YVGIj2kamLSTxw6NsZjoBxfSwsn0ycdesmc4p+Q21c5zPuZ1pl+NfxVdxPtdHvmNVOQ6XSYG4AUtyt/Fi7D16Q==
  dependencies:
    ansi-styles "^4.0.0"
    string-width "^4.1.0"
    strip-ansi "^6.0.0"

wrappy@1:
  version "1.0.2"
  resolved "https://registry.yarnpkg.com/wrappy/-/wrappy-1.0.2.tgz#b5243d8f3ec1aa35f1364605bc0d1036e30ab69f"
  integrity sha1-tSQ9jz7BqjXxNkYFvA0QNuMKtp8=

ws@>=7.4.6:
  version "8.6.0"
  resolved "https://registry.yarnpkg.com/ws/-/ws-8.6.0.tgz#e5e9f1d9e7ff88083d0c0dd8281ea662a42c9c23"
  integrity sha512-AzmM3aH3gk0aX7/rZLYvjdvZooofDu3fFOzGqcSnQ1tOcTWwhM/o+q++E8mAyVVIyUdajrkzWUGftaVSDLn1bw==

y18n@^5.0.5:
  version "5.0.8"
  resolved "https://registry.yarnpkg.com/y18n/-/y18n-5.0.8.tgz#7f4934d0f7ca8c56f95314939ddcd2dd91ce1d55"
  integrity sha512-0pfFzegeDWJHJIAmTLRP2DwHjdF5s7jo9tuztdQxAhINCdvS+3nGINqPd00AphqJR/0LhANUS6/+7SCb98YOfA==

yargs-parser@^20.2.2:
  version "20.2.9"
  resolved "https://registry.yarnpkg.com/yargs-parser/-/yargs-parser-20.2.9.tgz#2eb7dc3b0289718fc295f362753845c41a0c94ee"
  integrity sha512-y11nGElTIV+CT3Zv9t7VKl+Q3hTQoT9a1Qzezhhl6Rp21gJ/IVTW7Z3y9EWXhuUBC2Shnf+DX0antecpAwSP8w==

yargs@^16.2.0:
  version "16.2.0"
  resolved "https://registry.yarnpkg.com/yargs/-/yargs-16.2.0.tgz#1c82bf0f6b6a66eafce7ef30e376f49a12477f66"
  integrity sha512-D1mvvtDG0L5ft/jGWkLpG1+m0eQxOfaBvTNELraWj22wSVUMWxZUvYgJYcKh6jGGIkJFhH4IZPQhR4TKpc8mBw==
  dependencies:
    cliui "^7.0.2"
    escalade "^3.1.1"
    get-caller-file "^2.0.5"
    require-directory "^2.1.1"
    string-width "^4.2.0"
    y18n "^5.0.5"
    yargs-parser "^20.2.2"
